
Microsoft Visual Studio Solution File, Format Version 12.00
# Visual Studio Version 16
VisualStudioVersion = 16.0.31613.86
MinimumVisualStudioVersion = 10.0.40219.1
Project("{FAE04EC0-301F-11D3-BF4B-00C04F79EFBC}") = "AgenciaBancaria.Dominio", "AgenciaBancaria.Dominio\AgenciaBancaria.Dominio.csproj", "{5D8F8D3A-0CEA-4246-8D61-4762E771DEF0}"
EndProject
Project("{FAE04EC0-301F-11D3-BF4B-00C04F79EFBC}") = "AgenciaBancaria.App", "AgenciaBancaria.App\AgenciaBancaria.App.csproj", "{42A263C4-9FD4-4DF2-AB60-886B65A1A625}"
EndProject
Global
	GlobalSection(SolutionConfigurationPlatforms) = preSolution
		Debug|Any CPU = Debug|Any CPU
		Release|Any CPU = Release|Any CPU
	EndGlobalSection
	GlobalSection(ProjectConfigurationPlatforms) = postSolution
		{5D8F8D3A-0CEA-4246-8D61-4762E771DEF0}.Debug|Any CPU.ActiveCfg = Debug|Any CPU
		{5D8F8D3A-0CEA-4246-8D61-4762E771DEF0}.Debug|Any CPU.Build.0 = Debug|Any CPU
		{5D8F8D3A-0CEA-4246-8D61-4762E771DEF0}.Release|Any CPU.ActiveCfg = Release|Any CPU
		{5D8F8D3A-0CEA-4246-8D61-4762E771DEF0}.Release|Any CPU.Build.0 = Release|Any CPU
		{42A263C4-9FD4-4DF2-AB60-886B65A1A625}.Debug|Any CPU.ActiveCfg = Debug|Any CPU
		{42A263C4-9FD4-4DF2-AB60-886B65A1A625}.Debug|Any CPU.Build.0 = Debug|Any CPU
		{42A263C4-9FD4-4DF2-AB60-886B65A1A625}.Release|Any CPU.ActiveCfg = Release|Any CPU
		{42A263C4-9FD4-4DF2-AB60-886B65A1A625}.Release|Any CPU.Build.0 = Release|Any CPU
	EndGlobalSection
	GlobalSection(SolutionProperties) = preSolution
		HideSolutionNode = FALSE
	EndGlobalSection
	GlobalSection(ExtensibilityGlobals) = postSolution
		SolutionGuid = {16E098E3-984E-42A4-954D-F5DD82612085}
	EndGlobalSection
EndGlobal
